// !$*UTF8*$!
{
	archiveVersion = 1;
	classes = {
	};
	objectVersion = 56;
	objects = {

/* Begin PBXBuildFile section */
		0179EEE42B84A4CC008AEDEB /* DetailView.swift in Sources */ = {isa = PBXBuildFile; fileRef = 0179EEE12B84A4CC008AEDEB /* DetailView.swift */; };
		0179EEE52B84A4CC008AEDEB /* Review.swift in Sources */ = {isa = PBXBuildFile; fileRef = 0179EEE22B84A4CC008AEDEB /* Review.swift */; };
		0179EEE62B84A4CC008AEDEB /* Model.swift in Sources */ = {isa = PBXBuildFile; fileRef = 0179EEE32B84A4CC008AEDEB /* Model.swift */; };
		097E725D2B84292300DDA747 /* KeyLabApp.swift in Sources */ = {isa = PBXBuildFile; fileRef = 097E725C2B84292300DDA747 /* KeyLabApp.swift */; };
		097E72612B84292500DDA747 /* Assets.xcassets in Resources */ = {isa = PBXBuildFile; fileRef = 097E72602B84292500DDA747 /* Assets.xcassets */; };
		097E72652B84292500DDA747 /* Preview Assets.xcassets in Resources */ = {isa = PBXBuildFile; fileRef = 097E72642B84292500DDA747 /* Preview Assets.xcassets */; };
		097E72962B849E3D00DDA747 /* OnBoardingPagingView.swift in Sources */ = {isa = PBXBuildFile; fileRef = 097E728E2B849E3D00DDA747 /* OnBoardingPagingView.swift */; };
		097E72972B849E3D00DDA747 /* SecondOnboardingView.swift in Sources */ = {isa = PBXBuildFile; fileRef = 097E728F2B849E3D00DDA747 /* SecondOnboardingView.swift */; };
		097E72982B849E3D00DDA747 /* LoginView.swift in Sources */ = {isa = PBXBuildFile; fileRef = 097E72902B849E3D00DDA747 /* LoginView.swift */; };
		097E72992B849E3D00DDA747 /* FourthOnboardingView.swift in Sources */ = {isa = PBXBuildFile; fileRef = 097E72912B849E3D00DDA747 /* FourthOnboardingView.swift */; };
		097E729A2B849E3D00DDA747 /* FirstOnboardingView.swift in Sources */ = {isa = PBXBuildFile; fileRef = 097E72922B849E3D00DDA747 /* FirstOnboardingView.swift */; };
		097E729B2B849E3D00DDA747 /* ThridOnboardingView.swift in Sources */ = {isa = PBXBuildFile; fileRef = 097E72932B849E3D00DDA747 /* ThridOnboardingView.swift */; };
		097E729C2B849E3D00DDA747 /* SignUpView.swift in Sources */ = {isa = PBXBuildFile; fileRef = 097E72942B849E3D00DDA747 /* SignUpView.swift */; };
		097E729D2B849E3D00DDA747 /* OnboardingView.swift in Sources */ = {isa = PBXBuildFile; fileRef = 097E72952B849E3D00DDA747 /* OnboardingView.swift */; };
		138A149F2B84C62C00EB67F6 /* HomeView.swift in Sources */ = {isa = PBXBuildFile; fileRef = 138A149E2B84C62C00EB67F6 /* HomeView.swift */; };
		138A14A52B84C63400EB67F6 /* CategoryBadgeListView.swift in Sources */ = {isa = PBXBuildFile; fileRef = 138A14A12B84C63400EB67F6 /* CategoryBadgeListView.swift */; };
		138A14A62B84C63400EB67F6 /* ComponentView.swift in Sources */ = {isa = PBXBuildFile; fileRef = 138A14A22B84C63400EB67F6 /* ComponentView.swift */; };
		138A14A72B84C63400EB67F6 /* ProductItemView.swift in Sources */ = {isa = PBXBuildFile; fileRef = 138A14A32B84C63400EB67F6 /* ProductItemView.swift */; };
		138A14A82B84C63400EB67F6 /* Product.swift in Sources */ = {isa = PBXBuildFile; fileRef = 138A14A42B84C63400EB67F6 /* Product.swift */; };
		138A14AA2B84D20300EB67F6 /* ReviewHorizontalScrollView.swift in Sources */ = {isa = PBXBuildFile; fileRef = 138A14A92B84D20300EB67F6 /* ReviewHorizontalScrollView.swift */; };
		138A14AC2B84D20D00EB67F6 /* ProductDoubleLineGridView.swift in Sources */ = {isa = PBXBuildFile; fileRef = 138A14AB2B84D20D00EB67F6 /* ProductDoubleLineGridView.swift */; };
		138A14AF2B84DDAB00EB67F6 /* KeyLabTabView.swift in Sources */ = {isa = PBXBuildFile; fileRef = 138A14AE2B84DDAB00EB67F6 /* KeyLabTabView.swift */; };
		138A14B12B85010800EB67F6 /* TotalCartView.swift in Sources */ = {isa = PBXBuildFile; fileRef = 138A14B02B85010800EB67F6 /* TotalCartView.swift */; };
		138A14B32B8504CB00EB67F6 /* CheckBoxToggle.swift in Sources */ = {isa = PBXBuildFile; fileRef = 138A14B22B8504CB00EB67F6 /* CheckBoxToggle.swift */; };
		8289E65D2B84A215004E0757 /* MyPageView.swift in Sources */ = {isa = PBXBuildFile; fileRef = 8289E65C2B84A215004E0757 /* MyPageView.swift */; };
		8289E65F2B84A21B004E0757 /* SettingView.swift in Sources */ = {isa = PBXBuildFile; fileRef = 8289E65E2B84A21B004E0757 /* SettingView.swift */; };
		FE81645E2B84319A0064059B /* AssemblyTotalView.swift in Sources */ = {isa = PBXBuildFile; fileRef = FE81645D2B84319A0064059B /* AssemblyTotalView.swift */; };
		FE8164602B8432BB0064059B /* AssemblyProgressView.swift in Sources */ = {isa = PBXBuildFile; fileRef = FE81645F2B8432BB0064059B /* AssemblyProgressView.swift */; };
		FE8164652B8439C90064059B /* ProductCell.swift in Sources */ = {isa = PBXBuildFile; fileRef = FE8164642B8439C90064059B /* ProductCell.swift */; };
		FE8164672B843BD50064059B /* ProductList.swift in Sources */ = {isa = PBXBuildFile; fileRef = FE8164662B843BD50064059B /* ProductList.swift */; };
		FE8164692B8444D50064059B /* AssemblyCartView.swift in Sources */ = {isa = PBXBuildFile; fileRef = FE8164682B8444D50064059B /* AssemblyCartView.swift */; };
		FE81646C2B8449500064059B /* CartCell.swift in Sources */ = {isa = PBXBuildFile; fileRef = FE81646B2B8449500064059B /* CartCell.swift */; };
		FE81646E2B8469DD0064059B /* AssemblyCategoryBar.swift in Sources */ = {isa = PBXBuildFile; fileRef = FE81646D2B8469DD0064059B /* AssemblyCategoryBar.swift */; };
		FE8164702B848B540064059B /* ProductFilter.swift in Sources */ = {isa = PBXBuildFile; fileRef = FE81646F2B848B540064059B /* ProductFilter.swift */; };
/* End PBXBuildFile section */

/* Begin PBXFileReference section */
		0179EEE12B84A4CC008AEDEB /* DetailView.swift */ = {isa = PBXFileReference; fileEncoding = 4; lastKnownFileType = sourcecode.swift; path = DetailView.swift; sourceTree = "<group>"; };
		0179EEE22B84A4CC008AEDEB /* Review.swift */ = {isa = PBXFileReference; fileEncoding = 4; lastKnownFileType = sourcecode.swift; path = Review.swift; sourceTree = "<group>"; };
		0179EEE32B84A4CC008AEDEB /* Model.swift */ = {isa = PBXFileReference; fileEncoding = 4; lastKnownFileType = sourcecode.swift; path = Model.swift; sourceTree = "<group>"; };
		097E72592B84292300DDA747 /* KeyLab.app */ = {isa = PBXFileReference; explicitFileType = wrapper.application; includeInIndex = 0; path = KeyLab.app; sourceTree = BUILT_PRODUCTS_DIR; };
		097E725C2B84292300DDA747 /* KeyLabApp.swift */ = {isa = PBXFileReference; lastKnownFileType = sourcecode.swift; path = KeyLabApp.swift; sourceTree = "<group>"; };
		097E72602B84292500DDA747 /* Assets.xcassets */ = {isa = PBXFileReference; lastKnownFileType = folder.assetcatalog; path = Assets.xcassets; sourceTree = "<group>"; };
		097E72622B84292500DDA747 /* KeyLab.entitlements */ = {isa = PBXFileReference; lastKnownFileType = text.plist.entitlements; path = KeyLab.entitlements; sourceTree = "<group>"; };
		097E72642B84292500DDA747 /* Preview Assets.xcassets */ = {isa = PBXFileReference; lastKnownFileType = folder.assetcatalog; path = "Preview Assets.xcassets"; sourceTree = "<group>"; };
		097E728E2B849E3D00DDA747 /* OnBoardingPagingView.swift */ = {isa = PBXFileReference; fileEncoding = 4; lastKnownFileType = sourcecode.swift; path = OnBoardingPagingView.swift; sourceTree = "<group>"; };
		097E728F2B849E3D00DDA747 /* SecondOnboardingView.swift */ = {isa = PBXFileReference; fileEncoding = 4; lastKnownFileType = sourcecode.swift; path = SecondOnboardingView.swift; sourceTree = "<group>"; };
		097E72902B849E3D00DDA747 /* LoginView.swift */ = {isa = PBXFileReference; fileEncoding = 4; lastKnownFileType = sourcecode.swift; path = LoginView.swift; sourceTree = "<group>"; };
		097E72912B849E3D00DDA747 /* FourthOnboardingView.swift */ = {isa = PBXFileReference; fileEncoding = 4; lastKnownFileType = sourcecode.swift; path = FourthOnboardingView.swift; sourceTree = "<group>"; };
		097E72922B849E3D00DDA747 /* FirstOnboardingView.swift */ = {isa = PBXFileReference; fileEncoding = 4; lastKnownFileType = sourcecode.swift; path = FirstOnboardingView.swift; sourceTree = "<group>"; };
		097E72932B849E3D00DDA747 /* ThridOnboardingView.swift */ = {isa = PBXFileReference; fileEncoding = 4; lastKnownFileType = sourcecode.swift; path = ThridOnboardingView.swift; sourceTree = "<group>"; };
		097E72942B849E3D00DDA747 /* SignUpView.swift */ = {isa = PBXFileReference; fileEncoding = 4; lastKnownFileType = sourcecode.swift; path = SignUpView.swift; sourceTree = "<group>"; };
		097E72952B849E3D00DDA747 /* OnboardingView.swift */ = {isa = PBXFileReference; fileEncoding = 4; lastKnownFileType = sourcecode.swift; path = OnboardingView.swift; sourceTree = "<group>"; };
		138A149E2B84C62C00EB67F6 /* HomeView.swift */ = {isa = PBXFileReference; fileEncoding = 4; lastKnownFileType = sourcecode.swift; path = HomeView.swift; sourceTree = "<group>"; };
		138A14A12B84C63400EB67F6 /* CategoryBadgeListView.swift */ = {isa = PBXFileReference; fileEncoding = 4; lastKnownFileType = sourcecode.swift; path = CategoryBadgeListView.swift; sourceTree = "<group>"; };
		138A14A22B84C63400EB67F6 /* ComponentView.swift */ = {isa = PBXFileReference; fileEncoding = 4; lastKnownFileType = sourcecode.swift; path = ComponentView.swift; sourceTree = "<group>"; };
		138A14A32B84C63400EB67F6 /* ProductItemView.swift */ = {isa = PBXFileReference; fileEncoding = 4; lastKnownFileType = sourcecode.swift; path = ProductItemView.swift; sourceTree = "<group>"; };
		138A14A42B84C63400EB67F6 /* Product.swift */ = {isa = PBXFileReference; fileEncoding = 4; lastKnownFileType = sourcecode.swift; path = Product.swift; sourceTree = "<group>"; };
		138A14A92B84D20300EB67F6 /* ReviewHorizontalScrollView.swift */ = {isa = PBXFileReference; lastKnownFileType = sourcecode.swift; path = ReviewHorizontalScrollView.swift; sourceTree = "<group>"; };
		138A14AB2B84D20D00EB67F6 /* ProductDoubleLineGridView.swift */ = {isa = PBXFileReference; lastKnownFileType = sourcecode.swift; path = ProductDoubleLineGridView.swift; sourceTree = "<group>"; };
		138A14AE2B84DDAB00EB67F6 /* KeyLabTabView.swift */ = {isa = PBXFileReference; lastKnownFileType = sourcecode.swift; path = KeyLabTabView.swift; sourceTree = "<group>"; };
		138A14B02B85010800EB67F6 /* TotalCartView.swift */ = {isa = PBXFileReference; lastKnownFileType = sourcecode.swift; path = TotalCartView.swift; sourceTree = "<group>"; };
		138A14B22B8504CB00EB67F6 /* CheckBoxToggle.swift */ = {isa = PBXFileReference; lastKnownFileType = sourcecode.swift; path = CheckBoxToggle.swift; sourceTree = "<group>"; };
		8289E65C2B84A215004E0757 /* MyPageView.swift */ = {isa = PBXFileReference; fileEncoding = 4; lastKnownFileType = sourcecode.swift; path = MyPageView.swift; sourceTree = "<group>"; };
		8289E65E2B84A21B004E0757 /* SettingView.swift */ = {isa = PBXFileReference; fileEncoding = 4; lastKnownFileType = sourcecode.swift; path = SettingView.swift; sourceTree = "<group>"; };
		FE81645D2B84319A0064059B /* AssemblyTotalView.swift */ = {isa = PBXFileReference; lastKnownFileType = sourcecode.swift; path = AssemblyTotalView.swift; sourceTree = "<group>"; };
		FE81645F2B8432BB0064059B /* AssemblyProgressView.swift */ = {isa = PBXFileReference; lastKnownFileType = sourcecode.swift; path = AssemblyProgressView.swift; sourceTree = "<group>"; };
		FE8164642B8439C90064059B /* ProductCell.swift */ = {isa = PBXFileReference; lastKnownFileType = sourcecode.swift; path = ProductCell.swift; sourceTree = "<group>"; };
		FE8164662B843BD50064059B /* ProductList.swift */ = {isa = PBXFileReference; lastKnownFileType = sourcecode.swift; path = ProductList.swift; sourceTree = "<group>"; };
		FE8164682B8444D50064059B /* AssemblyCartView.swift */ = {isa = PBXFileReference; lastKnownFileType = sourcecode.swift; path = AssemblyCartView.swift; sourceTree = "<group>"; };
		FE81646B2B8449500064059B /* CartCell.swift */ = {isa = PBXFileReference; lastKnownFileType = sourcecode.swift; path = CartCell.swift; sourceTree = "<group>"; };
		FE81646D2B8469DD0064059B /* AssemblyCategoryBar.swift */ = {isa = PBXFileReference; lastKnownFileType = sourcecode.swift; path = AssemblyCategoryBar.swift; sourceTree = "<group>"; };
		FE81646F2B848B540064059B /* ProductFilter.swift */ = {isa = PBXFileReference; lastKnownFileType = sourcecode.swift; path = ProductFilter.swift; sourceTree = "<group>"; };
/* End PBXFileReference section */

/* Begin PBXFrameworksBuildPhase section */
		097E72562B84292300DDA747 /* Frameworks */ = {
			isa = PBXFrameworksBuildPhase;
			buildActionMask = 2147483647;
			files = (
			);
			runOnlyForDeploymentPostprocessing = 0;
		};
/* End PBXFrameworksBuildPhase section */

/* Begin PBXGroup section */
		0179EEE02B84A4CC008AEDEB /* Review */ = {
			isa = PBXGroup;
			children = (
				0179EEE12B84A4CC008AEDEB /* DetailView.swift */,
				0179EEE22B84A4CC008AEDEB /* Review.swift */,
				0179EEE32B84A4CC008AEDEB /* Model.swift */,
			);
			path = Review;
			sourceTree = "<group>";
		};
		097E72502B84292300DDA747 = {
			isa = PBXGroup;
			children = (
				097E725B2B84292300DDA747 /* KeyLab */,
				097E725A2B84292300DDA747 /* Products */,
			);
			sourceTree = "<group>";
		};
		097E725A2B84292300DDA747 /* Products */ = {
			isa = PBXGroup;
			children = (
				097E72592B84292300DDA747 /* KeyLab.app */,
			);
			name = Products;
			sourceTree = "<group>";
		};
		097E725B2B84292300DDA747 /* KeyLab */ = {
			isa = PBXGroup;
			children = (
				097E728D2B849E3D00DDA747 /* InitialPages */,
				138A14AD2B84DD7100EB67F6 /* TabView */,
				138A149D2B84C62C00EB67F6 /* Home */,
				FE81645C2B842BEE0064059B /* Assembly */,
				138A14A02B84C63400EB67F6 /* Component */,
				FE81646A2B84487A0064059B /* Cart */,
				0179EEE02B84A4CC008AEDEB /* Review */,
				138A14B42B8508EB00EB67F6 /* Mypage */,
				097E725C2B84292300DDA747 /* KeyLabApp.swift */,
				097E72602B84292500DDA747 /* Assets.xcassets */,
				097E72622B84292500DDA747 /* KeyLab.entitlements */,
				097E72632B84292500DDA747 /* Preview Content */,
			);
			path = KeyLab;
			sourceTree = "<group>";
		};
		097E72632B84292500DDA747 /* Preview Content */ = {
			isa = PBXGroup;
			children = (
				097E72642B84292500DDA747 /* Preview Assets.xcassets */,
			);
			path = "Preview Content";
			sourceTree = "<group>";
		};
		097E728D2B849E3D00DDA747 /* InitialPages */ = {
			isa = PBXGroup;
			children = (
				097E728E2B849E3D00DDA747 /* OnBoardingPagingView.swift */,
				097E728F2B849E3D00DDA747 /* SecondOnboardingView.swift */,
				097E72902B849E3D00DDA747 /* LoginView.swift */,
				097E72912B849E3D00DDA747 /* FourthOnboardingView.swift */,
				097E72922B849E3D00DDA747 /* FirstOnboardingView.swift */,
				097E72932B849E3D00DDA747 /* ThridOnboardingView.swift */,
				097E72942B849E3D00DDA747 /* SignUpView.swift */,
				097E72952B849E3D00DDA747 /* OnboardingView.swift */,
			);
			path = InitialPages;
			sourceTree = "<group>";
		};
		138A149D2B84C62C00EB67F6 /* Home */ = {
			isa = PBXGroup;
			children = (
				138A149E2B84C62C00EB67F6 /* HomeView.swift */,
				138A14A92B84D20300EB67F6 /* ReviewHorizontalScrollView.swift */,
				138A14AB2B84D20D00EB67F6 /* ProductDoubleLineGridView.swift */,
			);
			path = Home;
			sourceTree = "<group>";
		};
		138A14A02B84C63400EB67F6 /* Component */ = {
			isa = PBXGroup;
			children = (
				138A14A22B84C63400EB67F6 /* ComponentView.swift */,
				138A14A32B84C63400EB67F6 /* ProductItemView.swift */,
				138A14A12B84C63400EB67F6 /* CategoryBadgeListView.swift */,
				138A14A42B84C63400EB67F6 /* Product.swift */,
			);
			path = Component;
			sourceTree = "<group>";
		};
		138A14AD2B84DD7100EB67F6 /* TabView */ = {
			isa = PBXGroup;
			children = (
				138A14AE2B84DDAB00EB67F6 /* KeyLabTabView.swift */,
			);
			path = TabView;
			sourceTree = "<group>";
		};
		138A14B42B8508EB00EB67F6 /* Mypage */ = {
			isa = PBXGroup;
			children = (
				8289E65C2B84A215004E0757 /* MyPageView.swift */,
				8289E65E2B84A21B004E0757 /* SettingView.swift */,
			);
			path = Mypage;
			sourceTree = "<group>";
		};
		FE81645C2B842BEE0064059B /* Assembly */ = {
			isa = PBXGroup;
			children = (
				FE81645D2B84319A0064059B /* AssemblyTotalView.swift */,
				FE81645F2B8432BB0064059B /* AssemblyProgressView.swift */,
				FE8164642B8439C90064059B /* ProductCell.swift */,
				FE8164662B843BD50064059B /* ProductList.swift */,
				FE81646D2B8469DD0064059B /* AssemblyCategoryBar.swift */,
				FE81646F2B848B540064059B /* ProductFilter.swift */,
			);
			path = Assembly;
			sourceTree = "<group>";
		};
		FE81646A2B84487A0064059B /* Cart */ = {
			isa = PBXGroup;
			children = (
				FE8164682B8444D50064059B /* AssemblyCartView.swift */,
				FE81646B2B8449500064059B /* CartCell.swift */,
				138A14B02B85010800EB67F6 /* TotalCartView.swift */,
				138A14B22B8504CB00EB67F6 /* CheckBoxToggle.swift */,
			);
			path = Cart;
			sourceTree = "<group>";
		};
/* End PBXGroup section */

/* Begin PBXNativeTarget section */
		097E72582B84292300DDA747 /* KeyLab */ = {
			isa = PBXNativeTarget;
			buildConfigurationList = 097E72682B84292500DDA747 /* Build configuration list for PBXNativeTarget "KeyLab" */;
			buildPhases = (
				097E72552B84292300DDA747 /* Sources */,
				097E72562B84292300DDA747 /* Frameworks */,
				097E72572B84292300DDA747 /* Resources */,
			);
			buildRules = (
			);
			dependencies = (
			);
			name = KeyLab;
			productName = KeyLab;
			productReference = 097E72592B84292300DDA747 /* KeyLab.app */;
			productType = "com.apple.product-type.application";
		};
/* End PBXNativeTarget section */

/* Begin PBXProject section */
		097E72512B84292300DDA747 /* Project object */ = {
			isa = PBXProject;
			attributes = {
				BuildIndependentTargetsInParallel = 1;
				LastSwiftUpdateCheck = 1520;
				LastUpgradeCheck = 1520;
				TargetAttributes = {
					097E72582B84292300DDA747 = {
						CreatedOnToolsVersion = 15.2;
					};
				};
			};
			buildConfigurationList = 097E72542B84292300DDA747 /* Build configuration list for PBXProject "KeyLab" */;
			compatibilityVersion = "Xcode 14.0";
			developmentRegion = en;
			hasScannedForEncodings = 0;
			knownRegions = (
				en,
				Base,
			);
			mainGroup = 097E72502B84292300DDA747;
			productRefGroup = 097E725A2B84292300DDA747 /* Products */;
			projectDirPath = "";
			projectRoot = "";
			targets = (
				097E72582B84292300DDA747 /* KeyLab */,
			);
		};
/* End PBXProject section */

/* Begin PBXResourcesBuildPhase section */
		097E72572B84292300DDA747 /* Resources */ = {
			isa = PBXResourcesBuildPhase;
			buildActionMask = 2147483647;
			files = (
				097E72652B84292500DDA747 /* Preview Assets.xcassets in Resources */,
				097E72612B84292500DDA747 /* Assets.xcassets in Resources */,
			);
			runOnlyForDeploymentPostprocessing = 0;
		};
/* End PBXResourcesBuildPhase section */

/* Begin PBXSourcesBuildPhase section */
		097E72552B84292300DDA747 /* Sources */ = {
			isa = PBXSourcesBuildPhase;
			buildActionMask = 2147483647;
			files = (
				FE81645E2B84319A0064059B /* AssemblyTotalView.swift in Sources */,
				8289E65F2B84A21B004E0757 /* SettingView.swift in Sources */,
				FE8164702B848B540064059B /* ProductFilter.swift in Sources */,
				138A14AC2B84D20D00EB67F6 /* ProductDoubleLineGridView.swift in Sources */,
				097E729A2B849E3D00DDA747 /* FirstOnboardingView.swift in Sources */,
				097E729D2B849E3D00DDA747 /* OnboardingView.swift in Sources */,
				FE8164602B8432BB0064059B /* AssemblyProgressView.swift in Sources */,
				097E72992B849E3D00DDA747 /* FourthOnboardingView.swift in Sources */,
				097E72962B849E3D00DDA747 /* OnBoardingPagingView.swift in Sources */,
				FE8164652B8439C90064059B /* ProductCell.swift in Sources */,
				138A14AF2B84DDAB00EB67F6 /* KeyLabTabView.swift in Sources */,
				FE81646C2B8449500064059B /* CartCell.swift in Sources */,
				0179EEE42B84A4CC008AEDEB /* DetailView.swift in Sources */,
				138A14A52B84C63400EB67F6 /* CategoryBadgeListView.swift in Sources */,
				FE8164692B8444D50064059B /* AssemblyCartView.swift in Sources */,
				138A14A82B84C63400EB67F6 /* Product.swift in Sources */,
				097E72972B849E3D00DDA747 /* SecondOnboardingView.swift in Sources */,
				FE8164672B843BD50064059B /* ProductList.swift in Sources */,
				0179EEE62B84A4CC008AEDEB /* Model.swift in Sources */,
				097E729C2B849E3D00DDA747 /* SignUpView.swift in Sources */,
				138A14A72B84C63400EB67F6 /* ProductItemView.swift in Sources */,
				138A14B32B8504CB00EB67F6 /* CheckBoxToggle.swift in Sources */,
				097E72982B849E3D00DDA747 /* LoginView.swift in Sources */,
				138A14B12B85010800EB67F6 /* TotalCartView.swift in Sources */,
				0179EEE52B84A4CC008AEDEB /* Review.swift in Sources */,
				138A14AA2B84D20300EB67F6 /* ReviewHorizontalScrollView.swift in Sources */,
				138A14A62B84C63400EB67F6 /* ComponentView.swift in Sources */,
				097E729B2B849E3D00DDA747 /* ThridOnboardingView.swift in Sources */,
				097E725D2B84292300DDA747 /* KeyLabApp.swift in Sources */,
				138A149F2B84C62C00EB67F6 /* HomeView.swift in Sources */,
				FE81646E2B8469DD0064059B /* AssemblyCategoryBar.swift in Sources */,
				8289E65D2B84A215004E0757 /* MyPageView.swift in Sources */,
			);
			runOnlyForDeploymentPostprocessing = 0;
		};
/* End PBXSourcesBuildPhase section */

/* Begin XCBuildConfiguration section */
		097E72662B84292500DDA747 /* Debug */ = {
			isa = XCBuildConfiguration;
			buildSettings = {
				ALWAYS_SEARCH_USER_PATHS = NO;
				ASSETCATALOG_COMPILER_GENERATE_SWIFT_ASSET_SYMBOL_EXTENSIONS = YES;
				CLANG_ANALYZER_NONNULL = YES;
				CLANG_ANALYZER_NUMBER_OBJECT_CONVERSION = YES_AGGRESSIVE;
				CLANG_CXX_LANGUAGE_STANDARD = "gnu++20";
				CLANG_ENABLE_MODULES = YES;
				CLANG_ENABLE_OBJC_ARC = YES;
				CLANG_ENABLE_OBJC_WEAK = YES;
				CLANG_WARN_BLOCK_CAPTURE_AUTORELEASING = YES;
				CLANG_WARN_BOOL_CONVERSION = YES;
				CLANG_WARN_COMMA = YES;
				CLANG_WARN_CONSTANT_CONVERSION = YES;
				CLANG_WARN_DEPRECATED_OBJC_IMPLEMENTATIONS = YES;
				CLANG_WARN_DIRECT_OBJC_ISA_USAGE = YES_ERROR;
				CLANG_WARN_DOCUMENTATION_COMMENTS = YES;
				CLANG_WARN_EMPTY_BODY = YES;
				CLANG_WARN_ENUM_CONVERSION = YES;
				CLANG_WARN_INFINITE_RECURSION = YES;
				CLANG_WARN_INT_CONVERSION = YES;
				CLANG_WARN_NON_LITERAL_NULL_CONVERSION = YES;
				CLANG_WARN_OBJC_IMPLICIT_RETAIN_SELF = YES;
				CLANG_WARN_OBJC_LITERAL_CONVERSION = YES;
				CLANG_WARN_OBJC_ROOT_CLASS = YES_ERROR;
				CLANG_WARN_QUOTED_INCLUDE_IN_FRAMEWORK_HEADER = YES;
				CLANG_WARN_RANGE_LOOP_ANALYSIS = YES;
				CLANG_WARN_STRICT_PROTOTYPES = YES;
				CLANG_WARN_SUSPICIOUS_MOVE = YES;
				CLANG_WARN_UNGUARDED_AVAILABILITY = YES_AGGRESSIVE;
				CLANG_WARN_UNREACHABLE_CODE = YES;
				CLANG_WARN__DUPLICATE_METHOD_MATCH = YES;
				COPY_PHASE_STRIP = NO;
				DEBUG_INFORMATION_FORMAT = dwarf;
				ENABLE_STRICT_OBJC_MSGSEND = YES;
				ENABLE_TESTABILITY = YES;
				ENABLE_USER_SCRIPT_SANDBOXING = YES;
				GCC_C_LANGUAGE_STANDARD = gnu17;
				GCC_DYNAMIC_NO_PIC = NO;
				GCC_NO_COMMON_BLOCKS = YES;
				GCC_OPTIMIZATION_LEVEL = 0;
				GCC_PREPROCESSOR_DEFINITIONS = (
					"DEBUG=1",
					"$(inherited)",
				);
				GCC_WARN_64_TO_32_BIT_CONVERSION = YES;
				GCC_WARN_ABOUT_RETURN_TYPE = YES_ERROR;
				GCC_WARN_UNDECLARED_SELECTOR = YES;
				GCC_WARN_UNINITIALIZED_AUTOS = YES_AGGRESSIVE;
				GCC_WARN_UNUSED_FUNCTION = YES;
				GCC_WARN_UNUSED_VARIABLE = YES;
				LOCALIZATION_PREFERS_STRING_CATALOGS = YES;
				MTL_ENABLE_DEBUG_INFO = INCLUDE_SOURCE;
				MTL_FAST_MATH = YES;
				ONLY_ACTIVE_ARCH = YES;
				SWIFT_ACTIVE_COMPILATION_CONDITIONS = "DEBUG $(inherited)";
				SWIFT_OPTIMIZATION_LEVEL = "-Onone";
			};
			name = Debug;
		};
		097E72672B84292500DDA747 /* Release */ = {
			isa = XCBuildConfiguration;
			buildSettings = {
				ALWAYS_SEARCH_USER_PATHS = NO;
				ASSETCATALOG_COMPILER_GENERATE_SWIFT_ASSET_SYMBOL_EXTENSIONS = YES;
				CLANG_ANALYZER_NONNULL = YES;
				CLANG_ANALYZER_NUMBER_OBJECT_CONVERSION = YES_AGGRESSIVE;
				CLANG_CXX_LANGUAGE_STANDARD = "gnu++20";
				CLANG_ENABLE_MODULES = YES;
				CLANG_ENABLE_OBJC_ARC = YES;
				CLANG_ENABLE_OBJC_WEAK = YES;
				CLANG_WARN_BLOCK_CAPTURE_AUTORELEASING = YES;
				CLANG_WARN_BOOL_CONVERSION = YES;
				CLANG_WARN_COMMA = YES;
				CLANG_WARN_CONSTANT_CONVERSION = YES;
				CLANG_WARN_DEPRECATED_OBJC_IMPLEMENTATIONS = YES;
				CLANG_WARN_DIRECT_OBJC_ISA_USAGE = YES_ERROR;
				CLANG_WARN_DOCUMENTATION_COMMENTS = YES;
				CLANG_WARN_EMPTY_BODY = YES;
				CLANG_WARN_ENUM_CONVERSION = YES;
				CLANG_WARN_INFINITE_RECURSION = YES;
				CLANG_WARN_INT_CONVERSION = YES;
				CLANG_WARN_NON_LITERAL_NULL_CONVERSION = YES;
				CLANG_WARN_OBJC_IMPLICIT_RETAIN_SELF = YES;
				CLANG_WARN_OBJC_LITERAL_CONVERSION = YES;
				CLANG_WARN_OBJC_ROOT_CLASS = YES_ERROR;
				CLANG_WARN_QUOTED_INCLUDE_IN_FRAMEWORK_HEADER = YES;
				CLANG_WARN_RANGE_LOOP_ANALYSIS = YES;
				CLANG_WARN_STRICT_PROTOTYPES = YES;
				CLANG_WARN_SUSPICIOUS_MOVE = YES;
				CLANG_WARN_UNGUARDED_AVAILABILITY = YES_AGGRESSIVE;
				CLANG_WARN_UNREACHABLE_CODE = YES;
				CLANG_WARN__DUPLICATE_METHOD_MATCH = YES;
				COPY_PHASE_STRIP = NO;
				DEBUG_INFORMATION_FORMAT = "dwarf-with-dsym";
				ENABLE_NS_ASSERTIONS = NO;
				ENABLE_STRICT_OBJC_MSGSEND = YES;
				ENABLE_USER_SCRIPT_SANDBOXING = YES;
				GCC_C_LANGUAGE_STANDARD = gnu17;
				GCC_NO_COMMON_BLOCKS = YES;
				GCC_WARN_64_TO_32_BIT_CONVERSION = YES;
				GCC_WARN_ABOUT_RETURN_TYPE = YES_ERROR;
				GCC_WARN_UNDECLARED_SELECTOR = YES;
				GCC_WARN_UNINITIALIZED_AUTOS = YES_AGGRESSIVE;
				GCC_WARN_UNUSED_FUNCTION = YES;
				GCC_WARN_UNUSED_VARIABLE = YES;
				LOCALIZATION_PREFERS_STRING_CATALOGS = YES;
				MTL_ENABLE_DEBUG_INFO = NO;
				MTL_FAST_MATH = YES;
				SWIFT_COMPILATION_MODE = wholemodule;
			};
			name = Release;
		};
		097E72692B84292500DDA747 /* Debug */ = {
			isa = XCBuildConfiguration;
			buildSettings = {
				ASSETCATALOG_COMPILER_APPICON_NAME = AppIcon;
				ASSETCATALOG_COMPILER_GLOBAL_ACCENT_COLOR_NAME = AccentColor;
				CODE_SIGN_ENTITLEMENTS = KeyLab/KeyLab.entitlements;
				CODE_SIGN_STYLE = Automatic;
				CURRENT_PROJECT_VERSION = 1;
				DEVELOPMENT_ASSET_PATHS = "\"KeyLab/Preview Content\"";
				ENABLE_PREVIEWS = YES;
				GENERATE_INFOPLIST_FILE = YES;
				"INFOPLIST_KEY_UIApplicationSceneManifest_Generation[sdk=iphoneos*]" = YES;
				"INFOPLIST_KEY_UIApplicationSceneManifest_Generation[sdk=iphonesimulator*]" = YES;
				"INFOPLIST_KEY_UIApplicationSupportsIndirectInputEvents[sdk=iphoneos*]" = YES;
				"INFOPLIST_KEY_UIApplicationSupportsIndirectInputEvents[sdk=iphonesimulator*]" = YES;
				"INFOPLIST_KEY_UILaunchScreen_Generation[sdk=iphoneos*]" = YES;
				"INFOPLIST_KEY_UILaunchScreen_Generation[sdk=iphonesimulator*]" = YES;
				INFOPLIST_KEY_UIRequiresFullScreen = NO;
				"INFOPLIST_KEY_UIStatusBarStyle[sdk=iphoneos*]" = UIStatusBarStyleDefault;
				"INFOPLIST_KEY_UIStatusBarStyle[sdk=iphonesimulator*]" = UIStatusBarStyleDefault;
				INFOPLIST_KEY_UISupportedInterfaceOrientations_iPad = "UIInterfaceOrientationPortrait UIInterfaceOrientationPortraitUpsideDown UIInterfaceOrientationLandscapeLeft UIInterfaceOrientationLandscapeRight";
				INFOPLIST_KEY_UISupportedInterfaceOrientations_iPhone = "UIInterfaceOrientationPortrait UIInterfaceOrientationLandscapeLeft UIInterfaceOrientationLandscapeRight";
				IPHONEOS_DEPLOYMENT_TARGET = 17.0;
				LD_RUNPATH_SEARCH_PATHS = "@executable_path/Frameworks";
				"LD_RUNPATH_SEARCH_PATHS[sdk=macosx*]" = "@executable_path/../Frameworks";
				MACOSX_DEPLOYMENT_TARGET = 14.0;
				MARKETING_VERSION = 1.0;
				PRODUCT_BUNDLE_IDENTIFIER = com.Lab1.KeyLab;
				PRODUCT_NAME = "$(TARGET_NAME)";
				SDKROOT = auto;
				SUPPORTED_PLATFORMS = "iphoneos iphonesimulator";
				SUPPORTS_MACCATALYST = NO;
				SWIFT_EMIT_LOC_STRINGS = YES;
				SWIFT_VERSION = 5.0;
				TARGETED_DEVICE_FAMILY = 1;
			};
			name = Debug;
		};
		097E726A2B84292500DDA747 /* Release */ = {
			isa = XCBuildConfiguration;
			buildSettings = {
				ASSETCATALOG_COMPILER_APPICON_NAME = AppIcon;
				ASSETCATALOG_COMPILER_GLOBAL_ACCENT_COLOR_NAME = AccentColor;
				CODE_SIGN_ENTITLEMENTS = KeyLab/KeyLab.entitlements;
				CODE_SIGN_STYLE = Automatic;
				CURRENT_PROJECT_VERSION = 1;
				DEVELOPMENT_ASSET_PATHS = "\"KeyLab/Preview Content\"";
				ENABLE_PREVIEWS = YES;
				GENERATE_INFOPLIST_FILE = YES;
				"INFOPLIST_KEY_UIApplicationSceneManifest_Generation[sdk=iphoneos*]" = YES;
				"INFOPLIST_KEY_UIApplicationSceneManifest_Generation[sdk=iphonesimulator*]" = YES;
				"INFOPLIST_KEY_UIApplicationSupportsIndirectInputEvents[sdk=iphoneos*]" = YES;
				"INFOPLIST_KEY_UIApplicationSupportsIndirectInputEvents[sdk=iphonesimulator*]" = YES;
				"INFOPLIST_KEY_UILaunchScreen_Generation[sdk=iphoneos*]" = YES;
				"INFOPLIST_KEY_UILaunchScreen_Generation[sdk=iphonesimulator*]" = YES;
				INFOPLIST_KEY_UIRequiresFullScreen = NO;
				"INFOPLIST_KEY_UIStatusBarStyle[sdk=iphoneos*]" = UIStatusBarStyleDefault;
				"INFOPLIST_KEY_UIStatusBarStyle[sdk=iphonesimulator*]" = UIStatusBarStyleDefault;
				INFOPLIST_KEY_UISupportedInterfaceOrientations_iPad = "UIInterfaceOrientationPortrait UIInterfaceOrientationPortraitUpsideDown UIInterfaceOrientationLandscapeLeft UIInterfaceOrientationLandscapeRight";
				INFOPLIST_KEY_UISupportedInterfaceOrientations_iPhone = "UIInterfaceOrientationPortrait UIInterfaceOrientationLandscapeLeft UIInterfaceOrientationLandscapeRight";
				IPHONEOS_DEPLOYMENT_TARGET = 17.0;
				LD_RUNPATH_SEARCH_PATHS = "@executable_path/Frameworks";
				"LD_RUNPATH_SEARCH_PATHS[sdk=macosx*]" = "@executable_path/../Frameworks";
				MACOSX_DEPLOYMENT_TARGET = 14.0;
				MARKETING_VERSION = 1.0;
				PRODUCT_BUNDLE_IDENTIFIER = com.Lab1.KeyLab;
				PRODUCT_NAME = "$(TARGET_NAME)";
				SDKROOT = auto;
				SUPPORTED_PLATFORMS = "iphoneos iphonesimulator";
				SUPPORTS_MACCATALYST = NO;
				SWIFT_EMIT_LOC_STRINGS = YES;
				SWIFT_VERSION = 5.0;
				TARGETED_DEVICE_FAMILY = 1;
			};
			name = Release;
		};
/* End XCBuildConfiguration section */

/* Begin XCConfigurationList section */
		097E72542B84292300DDA747 /* Build configuration list for PBXProject "KeyLab" */ = {
			isa = XCConfigurationList;
			buildConfigurations = (
				097E72662B84292500DDA747 /* Debug */,
				097E72672B84292500DDA747 /* Release */,
			);
			defaultConfigurationIsVisible = 0;
			defaultConfigurationName = Release;
		};
		097E72682B84292500DDA747 /* Build configuration list for PBXNativeTarget "KeyLab" */ = {
			isa = XCConfigurationList;
			buildConfigurations = (
				097E72692B84292500DDA747 /* Debug */,
				097E726A2B84292500DDA747 /* Release */,
			);
			defaultConfigurationIsVisible = 0;
			defaultConfigurationName = Release;
		};
/* End XCConfigurationList section */
	};
	rootObject = 097E72512B84292300DDA747 /* Project object */;
}
